
Microsoft Visual Studio Solution File, Format Version 12.00
# Visual Studio Version 17
VisualStudioVersion = 17.1.32328.378
MinimumVisualStudioVersion = 10.0.40219.1
Project("{FAE04EC0-301F-11D3-BF4B-00C04F79EFBC}") = "AnimalTests", "AnimalTests\AnimalTests.csproj", "{811CB6EB-8691-4472-9DB3-5D9B7FC20439}"
EndProject
Project("{FAE04EC0-301F-11D3-BF4B-00C04F79EFBC}") = "AnimalTests02", "AnimalTest02\AnimalTests02.csproj", "{3FEE01D0-F82A-4F39-880B-1E010D6E457C}"
EndProject
Global
	GlobalSection(SolutionConfigurationPlatforms) = preSolution
		Debug|Any CPU = Debug|Any CPU
		Release|Any CPU = Release|Any CPU
	EndGlobalSection
	GlobalSection(ProjectConfigurationPlatforms) = postSolution
		{811CB6EB-8691-4472-9DB3-5D9B7FC20439}.Debug|Any CPU.ActiveCfg = Debug|Any CPU
		{811CB6EB-8691-4472-9DB3-5D9B7FC20439}.Debug|Any CPU.Build.0 = Debug|Any CPU
		{811CB6EB-8691-4472-9DB3-5D9B7FC20439}.Release|Any CPU.ActiveCfg = Release|Any CPU
		{811CB6EB-8691-4472-9DB3-5D9B7FC20439}.Release|Any CPU.Build.0 = Release|Any CPU
		{3FEE01D0-F82A-4F39-880B-1E010D6E457C}.Debug|Any CPU.ActiveCfg = Debug|Any CPU
		{3FEE01D0-F82A-4F39-880B-1E010D6E457C}.Debug|Any CPU.Build.0 = Debug|Any CPU
		{3FEE01D0-F82A-4F39-880B-1E010D6E457C}.Release|Any CPU.ActiveCfg = Release|Any CPU
		{3FEE01D0-F82A-4F39-880B-1E010D6E457C}.Release|Any CPU.Build.0 = Release|Any CPU
	EndGlobalSection
	GlobalSection(SolutionProperties) = preSolution
		HideSolutionNode = FALSE
	EndGlobalSection
	GlobalSection(ExtensibilityGlobals) = postSolution
		SolutionGuid = {B59D9A76-C048-4D1D-815C-A3E72C27AA70}
	EndGlobalSection
EndGlobal
