
Microsoft Visual Studio Solution File, Format Version 12.00
# Visual Studio Version 17
VisualStudioVersion = 17.1.32328.378
MinimumVisualStudioVersion = 10.0.40219.1
Project("{9A19103F-16F7-4668-BE54-9A1E7A4F7556}") = "MultiThreadDemo01_SingleThread", "MultiThreadDemo01_SingleThread\MultiThreadDemo01_SingleThread.csproj", "{1A9518E5-101D-47D2-B046-CF97EC5875D1}"
EndProject
Project("{9A19103F-16F7-4668-BE54-9A1E7A4F7556}") = "MultiThreadingDemo02_UserThread", "Demo02_UserDefinedThread\MultiThreadingDemo02_UserThread.csproj", "{EA4B2904-B237-4D3D-8C88-5B8C66C32B7F}"
EndProject
Project("{9A19103F-16F7-4668-BE54-9A1E7A4F7556}") = "MultiThreadingDemo03_CountDownThreads", "MultiThreadingDemo03_CountDownThreads\MultiThreadingDemo03_CountDownThreads.csproj", "{CFB36972-D7D0-4872-9159-D82DE10915EA}"
EndProject
Project("{9A19103F-16F7-4668-BE54-9A1E7A4F7556}") = "MultiThreadingDemo04_ThreadParameter", "MultiThreadingDemo04_ThreadParameter\MultiThreadingDemo04_ThreadParameter.csproj", "{3207D966-E213-406A-B008-3A6C31F66090}"
EndProject
Project("{FAE04EC0-301F-11D3-BF4B-00C04F79EFBC}") = "MultithreadingDemos04_Permutation", "MultithreadingDemos04_Permutation\MultithreadingDemos04_Permutation.csproj", "{A4CCB61E-93D0-4AB5-8D0E-85DFA7DC7408}"
EndProject
Project("{FAE04EC0-301F-11D3-BF4B-00C04F79EFBC}") = "ConceptArchitect.Async", "ConceptArchitect.Async\ConceptArchitect.Async.csproj", "{FBCB012B-A0E8-491B-9AE1-B01A0C7166D8}"
EndProject
Global
	GlobalSection(SolutionConfigurationPlatforms) = preSolution
		Debug|Any CPU = Debug|Any CPU
		Release|Any CPU = Release|Any CPU
	EndGlobalSection
	GlobalSection(ProjectConfigurationPlatforms) = postSolution
		{1A9518E5-101D-47D2-B046-CF97EC5875D1}.Debug|Any CPU.ActiveCfg = Debug|Any CPU
		{1A9518E5-101D-47D2-B046-CF97EC5875D1}.Debug|Any CPU.Build.0 = Debug|Any CPU
		{1A9518E5-101D-47D2-B046-CF97EC5875D1}.Release|Any CPU.ActiveCfg = Release|Any CPU
		{1A9518E5-101D-47D2-B046-CF97EC5875D1}.Release|Any CPU.Build.0 = Release|Any CPU
		{EA4B2904-B237-4D3D-8C88-5B8C66C32B7F}.Debug|Any CPU.ActiveCfg = Debug|Any CPU
		{EA4B2904-B237-4D3D-8C88-5B8C66C32B7F}.Debug|Any CPU.Build.0 = Debug|Any CPU
		{EA4B2904-B237-4D3D-8C88-5B8C66C32B7F}.Release|Any CPU.ActiveCfg = Release|Any CPU
		{EA4B2904-B237-4D3D-8C88-5B8C66C32B7F}.Release|Any CPU.Build.0 = Release|Any CPU
		{CFB36972-D7D0-4872-9159-D82DE10915EA}.Debug|Any CPU.ActiveCfg = Debug|Any CPU
		{CFB36972-D7D0-4872-9159-D82DE10915EA}.Debug|Any CPU.Build.0 = Debug|Any CPU
		{CFB36972-D7D0-4872-9159-D82DE10915EA}.Release|Any CPU.ActiveCfg = Release|Any CPU
		{CFB36972-D7D0-4872-9159-D82DE10915EA}.Release|Any CPU.Build.0 = Release|Any CPU
		{3207D966-E213-406A-B008-3A6C31F66090}.Debug|Any CPU.ActiveCfg = Debug|Any CPU
		{3207D966-E213-406A-B008-3A6C31F66090}.Debug|Any CPU.Build.0 = Debug|Any CPU
		{3207D966-E213-406A-B008-3A6C31F66090}.Release|Any CPU.ActiveCfg = Release|Any CPU
		{3207D966-E213-406A-B008-3A6C31F66090}.Release|Any CPU.Build.0 = Release|Any CPU
		{A4CCB61E-93D0-4AB5-8D0E-85DFA7DC7408}.Debug|Any CPU.ActiveCfg = Debug|Any CPU
		{A4CCB61E-93D0-4AB5-8D0E-85DFA7DC7408}.Debug|Any CPU.Build.0 = Debug|Any CPU
		{A4CCB61E-93D0-4AB5-8D0E-85DFA7DC7408}.Release|Any CPU.ActiveCfg = Release|Any CPU
		{A4CCB61E-93D0-4AB5-8D0E-85DFA7DC7408}.Release|Any CPU.Build.0 = Release|Any CPU
		{FBCB012B-A0E8-491B-9AE1-B01A0C7166D8}.Debug|Any CPU.ActiveCfg = Debug|Any CPU
		{FBCB012B-A0E8-491B-9AE1-B01A0C7166D8}.Debug|Any CPU.Build.0 = Debug|Any CPU
		{FBCB012B-A0E8-491B-9AE1-B01A0C7166D8}.Release|Any CPU.ActiveCfg = Release|Any CPU
		{FBCB012B-A0E8-491B-9AE1-B01A0C7166D8}.Release|Any CPU.Build.0 = Release|Any CPU
	EndGlobalSection
	GlobalSection(SolutionProperties) = preSolution
		HideSolutionNode = FALSE
	EndGlobalSection
	GlobalSection(ExtensibilityGlobals) = postSolution
		SolutionGuid = {A3A07CF3-9E91-4E5D-8425-D849EB958E6E}
	EndGlobalSection
EndGlobal
